
Microsoft Visual Studio Solution File, Format Version 12.00
# Visual Studio 14
VisualStudioVersion = 14.0.24720.0
MinimumVisualStudioVersion = 10.0.40219.1
Project("{FAE04EC0-301F-11D3-BF4B-00C04F79EFBC}") = "Polynomials", "Polynom\Polynomials.csproj", "{77EC4A60-5BA5-49C9-9DCC-EB9258271B1E}"
EndProject
Project("{FAE04EC0-301F-11D3-BF4B-00C04F79EFBC}") = "Polynomials.Tests", "Polynomials.Tests\Polynomials.Tests.csproj", "{E3D98709-47EF-453B-BC14-9EC0F41ECE6A}"
EndProject
Global
	GlobalSection(SolutionConfigurationPlatforms) = preSolution
		Debug|Any CPU = Debug|Any CPU
		Release|Any CPU = Release|Any CPU
	EndGlobalSection
	GlobalSection(ProjectConfigurationPlatforms) = postSolution
		{77EC4A60-5BA5-49C9-9DCC-EB9258271B1E}.Debug|Any CPU.ActiveCfg = Debug|Any CPU
		{77EC4A60-5BA5-49C9-9DCC-EB9258271B1E}.Debug|Any CPU.Build.0 = Debug|Any CPU
		{77EC4A60-5BA5-49C9-9DCC-EB9258271B1E}.Release|Any CPU.ActiveCfg = Release|Any CPU
		{77EC4A60-5BA5-49C9-9DCC-EB9258271B1E}.Release|Any CPU.Build.0 = Release|Any CPU
		{E3D98709-47EF-453B-BC14-9EC0F41ECE6A}.Debug|Any CPU.ActiveCfg = Debug|Any CPU
		{E3D98709-47EF-453B-BC14-9EC0F41ECE6A}.Debug|Any CPU.Build.0 = Debug|Any CPU
		{E3D98709-47EF-453B-BC14-9EC0F41ECE6A}.Release|Any CPU.ActiveCfg = Release|Any CPU
		{E3D98709-47EF-453B-BC14-9EC0F41ECE6A}.Release|Any CPU.Build.0 = Release|Any CPU
	EndGlobalSection
	GlobalSection(SolutionProperties) = preSolution
		HideSolutionNode = FALSE
	EndGlobalSection
EndGlobal
